
Microsoft Visual Studio Solution File, Format Version 12.00
# Visual Studio Version 17
VisualStudioVersion = 17.1.32228.430
MinimumVisualStudioVersion = 10.0.40219.1
Project("{2150E333-8FDC-42A3-9474-1A3956D46DE8}") = "Components", "Components", "{C66056F9-045D-4F61-A40C-C27AC3BA70FE}"
EndProject
Project("{9A19103F-16F7-4668-BE54-9A1E7A4F7556}") = "BP.Components.VBoxInterop", "Components\BP.Components.VBoxInterop\BP.Components.VBoxInterop.csproj", "{A4A966FD-4489-4F5F-A429-2DEA6C2E9993}"
EndProject
Project("{2150E333-8FDC-42A3-9474-1A3956D46DE8}") = "Samples", "Samples", "{E7822456-C884-4244-AE98-F20B92295D3D}"
EndProject
Project("{9A19103F-16F7-4668-BE54-9A1E7A4F7556}") = "BP.Samples.VBoxInterop.Console", "Samples\BP.Samples.VBoxInterop.Console\BP.Samples.VBoxInterop.Console.csproj", "{C7659CB1-A612-4640-81F5-39EAE57C478A}"
EndProject
Global
	GlobalSection(SolutionConfigurationPlatforms) = preSolution
		Debug|Any CPU = Debug|Any CPU
		Release|Any CPU = Release|Any CPU
	EndGlobalSection
	GlobalSection(ProjectConfigurationPlatforms) = postSolution
		{A4A966FD-4489-4F5F-A429-2DEA6C2E9993}.Debug|Any CPU.ActiveCfg = Debug|Any CPU
		{A4A966FD-4489-4F5F-A429-2DEA6C2E9993}.Debug|Any CPU.Build.0 = Debug|Any CPU
		{A4A966FD-4489-4F5F-A429-2DEA6C2E9993}.Release|Any CPU.ActiveCfg = Release|Any CPU
		{A4A966FD-4489-4F5F-A429-2DEA6C2E9993}.Release|Any CPU.Build.0 = Release|Any CPU
		{C7659CB1-A612-4640-81F5-39EAE57C478A}.Debug|Any CPU.ActiveCfg = Debug|Any CPU
		{C7659CB1-A612-4640-81F5-39EAE57C478A}.Debug|Any CPU.Build.0 = Debug|Any CPU
		{C7659CB1-A612-4640-81F5-39EAE57C478A}.Release|Any CPU.ActiveCfg = Release|Any CPU
		{C7659CB1-A612-4640-81F5-39EAE57C478A}.Release|Any CPU.Build.0 = Release|Any CPU
	EndGlobalSection
	GlobalSection(SolutionProperties) = preSolution
		HideSolutionNode = FALSE
	EndGlobalSection
	GlobalSection(NestedProjects) = preSolution
		{A4A966FD-4489-4F5F-A429-2DEA6C2E9993} = {C66056F9-045D-4F61-A40C-C27AC3BA70FE}
		{C7659CB1-A612-4640-81F5-39EAE57C478A} = {E7822456-C884-4244-AE98-F20B92295D3D}
	EndGlobalSection
	GlobalSection(ExtensibilityGlobals) = postSolution
		SolutionGuid = {DD8231FD-AD05-4D1E-A348-77C44492D50D}
	EndGlobalSection
EndGlobal
